{
  "version": 4,
  "terraform_version": "0.14.7",
  "serial": 46,
  "lineage": "d400dc4e-7981-41e0-7eb2-ee5ed1fdc5fa",
  "outputs": {
    "greeting": {
      "value": "Hello World !",
      "type": "string"
    }
  },
  "resources": [
    {
      "mode": "data",
      "type": "archive_file",
      "name": "lambda_zip",
      "provider": "provider[\"registry.terraform.io/hashicorp/archive\"]",
      "instances": [
        {
          "schema_version": 0,
          "attributes": {
            "excludes": null,
            "id": "f488659b07fb6f467eff27bc95ce110e504064fd",
            "output_base64sha256": "qTO4cO8wgIW8K4A7lWz7hB0bzOTxhKl2p1C8ZnZ93eY=",
            "output_md5": "604307ca2e9aa99581d6d6d4b57fff70",
            "output_path": "lambda_function.zip",
            "output_sha": "f488659b07fb6f467eff27bc95ce110e504064fd",
            "output_size": 249,
            "source": [],
            "source_content": null,
            "source_content_filename": null,
            "source_dir": null,
            "source_file": "greet_lambda.py",
            "type": "zip"
          },
          "sensitive_attributes": []
        }
      ]
    },
    {
      "mode": "managed",
      "type": "aws_cloudwatch_log_group",
      "name": "default",
      "provider": "provider[\"registry.terraform.io/hashicorp/aws\"]",
      "instances": [
        {
          "schema_version": 0,
          "attributes": {
            "arn": "arn:aws:logs:us-east-1:824092501282:log-group:/default",
            "id": "/default",
            "kms_key_id": "",
            "name": "/default",
            "name_prefix": null,
            "retention_in_days": 0,
            "tags": {}
          },
          "sensitive_attributes": [],
          "private": "bnVsbA=="
        }
      ]
    },
    {
      "mode": "managed",
      "type": "aws_cloudwatch_log_subscription_filter",
      "name": "logging",
      "provider": "provider[\"registry.terraform.io/hashicorp/aws\"]",
      "instances": [
        {
          "schema_version": 0,
          "attributes": {
            "destination_arn": "arn:aws:lambda:us-east-1:824092501282:function:CloudLabFunction",
            "distribution": "ByLogStream",
            "filter_pattern": "",
            "id": "cwlsf-1597088776",
            "log_group_name": "/default",
            "name": "logging_default",
            "role_arn": ""
          },
          "sensitive_attributes": [],
          "private": "bnVsbA==",
          "dependencies": [
            "aws_cloudwatch_log_group.default",
            "aws_iam_role.default",
            "aws_lambda_function.logging",
            "aws_lambda_permission.logging"
          ]
        }
      ]
    },
    {
      "mode": "managed",
      "type": "aws_iam_role",
      "name": "default",
      "provider": "provider[\"registry.terraform.io/hashicorp/aws\"]",
      "instances": [
        {
          "schema_version": 0,
          "attributes": {
            "arn": "arn:aws:iam::824092501282:role/iam_for_CloudLabFunction",
            "assume_role_policy": "{\"Version\":\"2012-10-17\",\"Statement\":[{\"Sid\":\"\",\"Effect\":\"Allow\",\"Principal\":{\"Service\":\"lambda.amazonaws.com\"},\"Action\":\"sts:AssumeRole\"}]}",
            "create_date": "2021-03-31T00:40:59Z",
            "description": "",
            "force_detach_policies": false,
            "id": "iam_for_CloudLabFunction",
            "inline_policy": [
              {
                "name": "",
                "policy": ""
              }
            ],
            "managed_policy_arns": [
              "arn:aws:iam::aws:policy/service-role/AWSLambdaBasicExecutionRole"
            ],
            "max_session_duration": 3600,
            "name": "iam_for_CloudLabFunction",
            "name_prefix": null,
            "path": "/",
            "permissions_boundary": null,
            "tags": {},
            "unique_id": "AROA37X55UURISKH2NL2M"
          },
          "sensitive_attributes": [],
          "private": "bnVsbA=="
        }
      ]
    },
    {
      "mode": "managed",
      "type": "aws_lambda_function",
      "name": "logging",
      "provider": "provider[\"registry.terraform.io/hashicorp/aws\"]",
      "instances": [
        {
          "schema_version": 0,
          "attributes": {
            "arn": "arn:aws:lambda:us-east-1:824092501282:function:CloudLabFunction",
            "code_signing_config_arn": "",
            "dead_letter_config": [],
            "description": "",
            "environment": [],
            "file_system_config": [],
            "filename": "lambda_function.zip",
            "function_name": "CloudLabFunction",
            "handler": "greet_lambda.lambda_handler",
            "id": "CloudLabFunction",
            "image_config": [],
            "image_uri": "",
            "invoke_arn": "arn:aws:apigateway:us-east-1:lambda:path/2015-03-31/functions/arn:aws:lambda:us-east-1:824092501282:function:CloudLabFunction/invocations",
            "kms_key_arn": "",
            "last_modified": "2021-03-31T02:01:52.217+0000",
            "layers": [],
            "memory_size": 128,
            "package_type": "Zip",
            "publish": false,
            "qualified_arn": "arn:aws:lambda:us-east-1:824092501282:function:CloudLabFunction:$LATEST",
            "reserved_concurrent_executions": -1,
            "role": "arn:aws:iam::824092501282:role/iam_for_CloudLabFunction",
            "runtime": "python2.7",
            "s3_bucket": null,
            "s3_key": null,
            "s3_object_version": null,
            "signing_job_arn": "",
            "signing_profile_version_arn": "",
            "source_code_hash": "qTO4cO8wgIW8K4A7lWz7hB0bzOTxhKl2p1C8ZnZ93eY=",
            "source_code_size": 249,
            "tags": {},
            "timeout": 3,
            "timeouts": null,
            "tracing_config": [
              {
                "mode": "PassThrough"
              }
            ],
            "version": "$LATEST",
            "vpc_config": []
          },
          "sensitive_attributes": [],
          "private": "eyJlMmJmYjczMC1lY2FhLTExZTYtOGY4OC0zNDM2M2JjN2M0YzAiOnsiY3JlYXRlIjo2MDAwMDAwMDAwMDB9fQ==",
          "dependencies": [
            "aws_iam_role.default"
          ]
        }
      ]
    },
    {
      "mode": "managed",
      "type": "aws_lambda_permission",
      "name": "logging",
      "provider": "provider[\"registry.terraform.io/hashicorp/aws\"]",
      "instances": [
        {
          "schema_version": 0,
          "attributes": {
            "action": "lambda:InvokeFunction",
            "event_source_token": null,
            "function_name": "CloudLabFunction",
            "id": "terraform-20210331015018823300000001",
            "principal": "logs.us-east-1.amazonaws.com",
            "qualifier": "",
            "source_account": null,
            "source_arn": "arn:aws:logs:us-east-1:824092501282:log-group:/default:*",
            "statement_id": "terraform-20210331015018823300000001",
            "statement_id_prefix": null
          },
          "sensitive_attributes": [],
          "private": "bnVsbA==",
          "dependencies": [
            "aws_cloudwatch_log_group.default",
            "aws_iam_role.default",
            "aws_lambda_function.logging"
          ]
        }
      ]
    }
  ]
}
